<?xml version="1.0" encoding="utf-8"?>
<Project ToolsVersion="4.0" xmlns="http://schemas.microsoft.com/developer/msbuild/2003">
  <ItemGroup>
    <Filter Include="Zdrojové soubory">
      <UniqueIdentifier>{4FC737F1-C7A5-4376-A066-2A32D752A2FF}</UniqueIdentifier>
      <Extensions>cpp;c;cc;cxx;c++;cppm;ixx;def;odl;idl;hpj;bat;asm;asmx</Extensions>
    </Filter>
    <Filter Include="Hlavičkové soubory">
      <UniqueIdentifier>{93995380-89BD-4b04-88EB-625FBE52EBFB}</UniqueIdentifier>
      <Extensions>h;hh;hpp;hxx;h++;hm;inl;inc;ipp;xsd</Extensions>
    </Filter>
    <Filter Include="Soubory zdrojů">
      <UniqueIdentifier>{67DA6AB6-F800-4c08-8B7A-83BB121AAD01}</UniqueIdentifier>
      <Extensions>rc;ico;cur;bmp;dlg;rc2;rct;bin;rgs;gif;jpg;jpeg;jpe;resx;tiff;tif;png;wav;mfcribbon-ms</Extensions>
    </Filter>
    <Filter Include="Zdrojové soubory\portability">
      <UniqueIdentifier>{ae832fd9-8219-4c04-a98f-545c30e727f1}</UniqueIdentifier>
    </Filter>
    <Filter Include="Zdrojové soubory\engine">
      <UniqueIdentifier>{955ce148-fcdc-4826-b2d6-2806335e3bff}</UniqueIdentifier>
    </Filter>
    <Filter Include="Hlavičkové soubory\portability">
      <UniqueIdentifier>{97090891-bcd2-4849-a9f7-5c048c566c97}</UniqueIdentifier>
    </Filter>
    <Filter Include="Hlavičkové soubory\utilities">
      <UniqueIdentifier>{bf5f8c50-e9bb-4217-aa90-08c88e513edd}</UniqueIdentifier>
    </Filter>
    <Filter Include="Zdrojové soubory\utilities">
      <UniqueIdentifier>{455cd179-11e6-4f57-ab32-688e2b921557}</UniqueIdentifier>
    </Filter>
  </ItemGroup>
  <ItemGroup>
    <ClCompile Include="REMC1.cpp">
      <Filter>Zdrojové soubory</Filter>
    </ClCompile>
    <ClCompile Include="sub_main.cpp">
      <Filter>Zdrojové soubory</Filter>
    </ClCompile>
    <ClCompile Include="portability\dirent.c">
      <Filter>Zdrojové soubory\portability</Filter>
    </ClCompile>
    <ClCompile Include="portability\fcaseopen.cpp">
      <Filter>Zdrojové soubory\portability</Filter>
    </ClCompile>
    <ClCompile Include="portability\port_filesystem.cpp">
      <Filter>Zdrojové soubory\portability</Filter>
    </ClCompile>
    <ClCompile Include="engine\CommandLineParser.cpp">
      <Filter>Zdrojové soubory\engine</Filter>
    </ClCompile>
    <ClCompile Include="portability\port_outputs.cpp">
      <Filter>Zdrojové soubory\portability</Filter>
    </ClCompile>
    <ClCompile Include="portability\port_sdl_vga_mouse.cpp">
      <Filter>Zdrojové soubory\portability</Filter>
    </ClCompile>
    <ClCompile Include="portability\port_time.cpp">
      <Filter>Zdrojové soubory\portability</Filter>
    </ClCompile>
    <ClCompile Include="utilities\DataFileIO.cpp">
      <Filter>Zdrojové soubory\utilities</Filter>
    </ClCompile>
  </ItemGroup>
  <ItemGroup>
    <ClInclude Include="defs.h">
      <Filter>Hlavičkové soubory</Filter>
    </ClInclude>
    <ClInclude Include="sub_main.h">
      <Filter>Hlavičkové soubory</Filter>
    </ClInclude>
    <ClInclude Include="portability\dirent-x.h">
      <Filter>Hlavičkové soubory\portability</Filter>
    </ClInclude>
    <ClInclude Include="portability\fcaseopen.h">
      <Filter>Hlavičkové soubory\portability</Filter>
    </ClInclude>
    <ClInclude Include="portability\mctypes.h">
      <Filter>Hlavičkové soubory\portability</Filter>
    </ClInclude>
    <ClInclude Include="portability\port_filesystem.h">
      <Filter>Hlavičkové soubory\portability</Filter>
    </ClInclude>
    <ClInclude Include="portability\port_outputs.h">
      <Filter>Hlavičkové soubory\portability</Filter>
    </ClInclude>
    <ClInclude Include="portability\port_sdl_vga_mouse.h">
      <Filter>Hlavičkové soubory\portability</Filter>
    </ClInclude>
    <ClInclude Include="portability\port_time.h">
      <Filter>Hlavičkové soubory\portability</Filter>
    </ClInclude>
    <ClInclude Include="engine\CommandLineParser.h">
      <Filter>Hlavičkové soubory\portability</Filter>
    </ClInclude>
    <ClInclude Include="engine\sub_main_mouse.h">
      <Filter>Hlavičkové soubory\portability</Filter>
    </ClInclude>
    <ClInclude Include="utilities\DataFileIO.h">
      <Filter>Hlavičkové soubory\utilities</Filter>
    </ClInclude>
  </ItemGroup>
  <ItemGroup>
    <None Include="packages.config" />
  </ItemGroup>
</Project>